# THIS IS AN AUTOGENERATED FILE. DO NOT EDIT THIS FILE DIRECTLY.
# yarn lockfile v1


css.js@^0.2.3:
  version "0.2.3"
  resolved "https://registry.npmmirror.com/css.js/-/css.js-0.2.3.tgz#e267ee7ca33d7475e092541f7c7655ef78d54e69"
  integrity sha512-AUokTg+mjatewJzS2GPK4B7pXKdptXPDKz0se0xFyhwBYOoNysn4C2RYjm3qs3MmeXDG+FzGOHfZB2MQ4HwkSA==
